
Microsoft Visual Studio Solution File, Format Version 12.00
# Visual Studio 15
VisualStudioVersion = 15.0.26730.10
MinimumVisualStudioVersion = 10.0.40219.1
Project("{D954291E-2A0B-460D-934E-DC6B0785DB48}") = "CloudBurn", "CloudBurn\CloudBurn\CloudBurn.shproj", "{15D5E2F0-6B2B-4457-B641-F28679A52F4C}"
EndProject
Project("{FAE04EC0-301F-11D3-BF4B-00C04F79EFBC}") = "CloudBurn.Android", "CloudBurn\CloudBurn.Android\CloudBurn.Android.csproj", "{283DE918-9043-42BB-9243-9B59C92CDE34}"
EndProject
Project("{FAE04EC0-301F-11D3-BF4B-00C04F79EFBC}") = "CloudBurn.iOS", "CloudBurn\CloudBurn.iOS\CloudBurn.iOS.csproj", "{B3E22C98-E769-4B3E-A67C-67B7E5BAA260}"
EndProject
Project("{FAE04EC0-301F-11D3-BF4B-00C04F79EFBC}") = "CloudBurn.UWP", "CloudBurn\CloudBurn.UWP\CloudBurn.UWP.csproj", "{E2E4E758-A72A-46EC-960D-877E40BEF4EC}"
EndProject
Global
	GlobalSection(SharedMSBuildProjectFiles) = preSolution
		CloudBurn\CloudBurn\CloudBurn.projitems*{15d5e2f0-6b2b-4457-b641-f28679a52f4c}*SharedItemsImports = 13
		CloudBurn\CloudBurn\CloudBurn.projitems*{283de918-9043-42bb-9243-9b59c92cde34}*SharedItemsImports = 4
		CloudBurn\CloudBurn\CloudBurn.projitems*{b3e22c98-e769-4b3e-a67c-67b7e5baa260}*SharedItemsImports = 4
		CloudBurn\CloudBurn\CloudBurn.projitems*{e2e4e758-a72a-46ec-960d-877e40bef4ec}*SharedItemsImports = 4
	EndGlobalSection
	GlobalSection(SolutionConfigurationPlatforms) = preSolution
		Ad-Hoc|Any CPU = Ad-Hoc|Any CPU
		Ad-Hoc|ARM = Ad-Hoc|ARM
		Ad-Hoc|iPhone = Ad-Hoc|iPhone
		Ad-Hoc|iPhoneSimulator = Ad-Hoc|iPhoneSimulator
		Ad-Hoc|x64 = Ad-Hoc|x64
		Ad-Hoc|x86 = Ad-Hoc|x86
		AppStore|Any CPU = AppStore|Any CPU
		AppStore|ARM = AppStore|ARM
		AppStore|iPhone = AppStore|iPhone
		AppStore|iPhoneSimulator = AppStore|iPhoneSimulator
		AppStore|x64 = AppStore|x64
		AppStore|x86 = AppStore|x86
		Debug|Any CPU = Debug|Any CPU
		Debug|ARM = Debug|ARM
		Debug|iPhone = Debug|iPhone
		Debug|iPhoneSimulator = Debug|iPhoneSimulator
		Debug|x64 = Debug|x64
		Debug|x86 = Debug|x86
		Release|Any CPU = Release|Any CPU
		Release|ARM = Release|ARM
		Release|iPhone = Release|iPhone
		Release|iPhoneSimulator = Release|iPhoneSimulator
		Release|x64 = Release|x64
		Release|x86 = Release|x86
	EndGlobalSection
	GlobalSection(ProjectConfigurationPlatforms) = postSolution
		{283DE918-9043-42BB-9243-9B59C92CDE34}.Ad-Hoc|Any CPU.ActiveCfg = Release|Any CPU
		{283DE918-9043-42BB-9243-9B59C92CDE34}.Ad-Hoc|Any CPU.Build.0 = Release|Any CPU
		{283DE918-9043-42BB-9243-9B59C92CDE34}.Ad-Hoc|Any CPU.Deploy.0 = Release|Any CPU
		{283DE918-9043-42BB-9243-9B59C92CDE34}.Ad-Hoc|ARM.ActiveCfg = Release|Any CPU
		{283DE918-9043-42BB-9243-9B59C92CDE34}.Ad-Hoc|ARM.Build.0 = Release|Any CPU
		{283DE918-9043-42BB-9243-9B59C92CDE34}.Ad-Hoc|ARM.Deploy.0 = Release|Any CPU
		{283DE918-9043-42BB-9243-9B59C92CDE34}.Ad-Hoc|iPhone.ActiveCfg = Release|Any CPU
		{283DE918-9043-42BB-9243-9B59C92CDE34}.Ad-Hoc|iPhone.Build.0 = Release|Any CPU
		{283DE918-9043-42BB-9243-9B59C92CDE34}.Ad-Hoc|iPhone.Deploy.0 = Release|Any CPU
		{283DE918-9043-42BB-9243-9B59C92CDE34}.Ad-Hoc|iPhoneSimulator.ActiveCfg = Release|Any CPU
		{283DE918-9043-42BB-9243-9B59C92CDE34}.Ad-Hoc|iPhoneSimulator.Build.0 = Release|Any CPU
		{283DE918-9043-42BB-9243-9B59C92CDE34}.Ad-Hoc|iPhoneSimulator.Deploy.0 = Release|Any CPU
		{283DE918-9043-42BB-9243-9B59C92CDE34}.Ad-Hoc|x64.ActiveCfg = Release|Any CPU
		{283DE918-9043-42BB-9243-9B59C92CDE34}.Ad-Hoc|x64.Build.0 = Release|Any CPU
		{283DE918-9043-42BB-9243-9B59C92CDE34}.Ad-Hoc|x64.Deploy.0 = Release|Any CPU
		{283DE918-9043-42BB-9243-9B59C92CDE34}.Ad-Hoc|x86.ActiveCfg = Release|Any CPU
		{283DE918-9043-42BB-9243-9B59C92CDE34}.Ad-Hoc|x86.Build.0 = Release|Any CPU
		{283DE918-9043-42BB-9243-9B59C92CDE34}.Ad-Hoc|x86.Deploy.0 = Release|Any CPU
		{283DE918-9043-42BB-9243-9B59C92CDE34}.AppStore|Any CPU.ActiveCfg = Release|Any CPU
		{283DE918-9043-42BB-9243-9B59C92CDE34}.AppStore|Any CPU.Build.0 = Release|Any CPU
		{283DE918-9043-42BB-9243-9B59C92CDE34}.AppStore|Any CPU.Deploy.0 = Release|Any CPU
		{283DE918-9043-42BB-9243-9B59C92CDE34}.AppStore|ARM.ActiveCfg = Release|Any CPU
		{283DE918-9043-42BB-9243-9B59C92CDE34}.AppStore|ARM.Build.0 = Release|Any CPU
		{283DE918-9043-42BB-9243-9B59C92CDE34}.AppStore|ARM.Deploy.0 = Release|Any CPU
		{283DE918-9043-42BB-9243-9B59C92CDE34}.AppStore|iPhone.ActiveCfg = Release|Any CPU
		{283DE918-9043-42BB-9243-9B59C92CDE34}.AppStore|iPhone.Build.0 = Release|Any CPU
		{283DE918-9043-42BB-9243-9B59C92CDE34}.AppStore|iPhone.Deploy.0 = Release|Any CPU
		{283DE918-9043-42BB-9243-9B59C92CDE34}.AppStore|iPhoneSimulator.ActiveCfg = Release|Any CPU
		{283DE918-9043-42BB-9243-9B59C92CDE34}.AppStore|iPhoneSimulator.Build.0 = Release|Any CPU
		{283DE918-9043-42BB-9243-9B59C92CDE34}.AppStore|iPhoneSimulator.Deploy.0 = Release|Any CPU
		{283DE918-9043-42BB-9243-9B59C92CDE34}.AppStore|x64.ActiveCfg = Release|Any CPU
		{283DE918-9043-42BB-9243-9B59C92CDE34}.AppStore|x64.Build.0 = Release|Any CPU
		{283DE918-9043-42BB-9243-9B59C92CDE34}.AppStore|x64.Deploy.0 = Release|Any CPU
		{283DE918-9043-42BB-9243-9B59C92CDE34}.AppStore|x86.ActiveCfg = Release|Any CPU
		{283DE918-9043-42BB-9243-9B59C92CDE34}.AppStore|x86.Build.0 = Release|Any CPU
		{283DE918-9043-42BB-9243-9B59C92CDE34}.AppStore|x86.Deploy.0 = Release|Any CPU
		{283DE918-9043-42BB-9243-9B59C92CDE34}.Debug|Any CPU.ActiveCfg = Debug|Any CPU
		{283DE918-9043-42BB-9243-9B59C92CDE34}.Debug|Any CPU.Build.0 = Debug|Any CPU
		{283DE918-9043-42BB-9243-9B59C92CDE34}.Debug|Any CPU.Deploy.0 = Debug|Any CPU
		{283DE918-9043-42BB-9243-9B59C92CDE34}.Debug|ARM.ActiveCfg = Debug|Any CPU
		{283DE918-9043-42BB-9243-9B59C92CDE34}.Debug|ARM.Build.0 = Debug|Any CPU
		{283DE918-9043-42BB-9243-9B59C92CDE34}.Debug|ARM.Deploy.0 = Debug|Any CPU
		{283DE918-9043-42BB-9243-9B59C92CDE34}.Debug|iPhone.ActiveCfg = Debug|Any CPU
		{283DE918-9043-42BB-9243-9B59C92CDE34}.Debug|iPhone.Build.0 = Debug|Any CPU
		{283DE918-9043-42BB-9243-9B59C92CDE34}.Debug|iPhone.Deploy.0 = Debug|Any CPU
		{283DE918-9043-42BB-9243-9B59C92CDE34}.Debug|iPhoneSimulator.ActiveCfg = Debug|Any CPU
		{283DE918-9043-42BB-9243-9B59C92CDE34}.Debug|iPhoneSimulator.Build.0 = Debug|Any CPU
		{283DE918-9043-42BB-9243-9B59C92CDE34}.Debug|iPhoneSimulator.Deploy.0 = Debug|Any CPU
		{283DE918-9043-42BB-9243-9B59C92CDE34}.Debug|x64.ActiveCfg = Debug|Any CPU
		{283DE918-9043-42BB-9243-9B59C92CDE34}.Debug|x64.Build.0 = Debug|Any CPU
		{283DE918-9043-42BB-9243-9B59C92CDE34}.Debug|x64.Deploy.0 = Debug|Any CPU
		{283DE918-9043-42BB-9243-9B59C92CDE34}.Debug|x86.ActiveCfg = Debug|Any CPU
		{283DE918-9043-42BB-9243-9B59C92CDE34}.Debug|x86.Build.0 = Debug|Any CPU
		{283DE918-9043-42BB-9243-9B59C92CDE34}.Debug|x86.Deploy.0 = Debug|Any CPU
		{283DE918-9043-42BB-9243-9B59C92CDE34}.Release|Any CPU.ActiveCfg = Release|Any CPU
		{283DE918-9043-42BB-9243-9B59C92CDE34}.Release|Any CPU.Build.0 = Release|Any CPU
		{283DE918-9043-42BB-9243-9B59C92CDE34}.Release|Any CPU.Deploy.0 = Release|Any CPU
		{283DE918-9043-42BB-9243-9B59C92CDE34}.Release|ARM.ActiveCfg = Release|Any CPU
		{283DE918-9043-42BB-9243-9B59C92CDE34}.Release|ARM.Build.0 = Release|Any CPU
		{283DE918-9043-42BB-9243-9B59C92CDE34}.Release|ARM.Deploy.0 = Release|Any CPU
		{283DE918-9043-42BB-9243-9B59C92CDE34}.Release|iPhone.ActiveCfg = Release|Any CPU
		{283DE918-9043-42BB-9243-9B59C92CDE34}.Release|iPhone.Build.0 = Release|Any CPU
		{283DE918-9043-42BB-9243-9B59C92CDE34}.Release|iPhone.Deploy.0 = Release|Any CPU
		{283DE918-9043-42BB-9243-9B59C92CDE34}.Release|iPhoneSimulator.ActiveCfg = Release|Any CPU
		{283DE918-9043-42BB-9243-9B59C92CDE34}.Release|iPhoneSimulator.Build.0 = Release|Any CPU
		{283DE918-9043-42BB-9243-9B59C92CDE34}.Release|iPhoneSimulator.Deploy.0 = Release|Any CPU
		{283DE918-9043-42BB-9243-9B59C92CDE34}.Release|x64.ActiveCfg = Release|Any CPU
		{283DE918-9043-42BB-9243-9B59C92CDE34}.Release|x64.Build.0 = Release|Any CPU
		{283DE918-9043-42BB-9243-9B59C92CDE34}.Release|x64.Deploy.0 = Release|Any CPU
		{283DE918-9043-42BB-9243-9B59C92CDE34}.Release|x86.ActiveCfg = Release|Any CPU
		{283DE918-9043-42BB-9243-9B59C92CDE34}.Release|x86.Build.0 = Release|Any CPU
		{283DE918-9043-42BB-9243-9B59C92CDE34}.Release|x86.Deploy.0 = Release|Any CPU
		{B3E22C98-E769-4B3E-A67C-67B7E5BAA260}.Ad-Hoc|Any CPU.ActiveCfg = Ad-Hoc|iPhone
		{B3E22C98-E769-4B3E-A67C-67B7E5BAA260}.Ad-Hoc|ARM.ActiveCfg = Ad-Hoc|iPhone
		{B3E22C98-E769-4B3E-A67C-67B7E5BAA260}.Ad-Hoc|iPhone.ActiveCfg = Ad-Hoc|iPhone
		{B3E22C98-E769-4B3E-A67C-67B7E5BAA260}.Ad-Hoc|iPhone.Build.0 = Ad-Hoc|iPhone
		{B3E22C98-E769-4B3E-A67C-67B7E5BAA260}.Ad-Hoc|iPhoneSimulator.ActiveCfg = Ad-Hoc|iPhoneSimulator
		{B3E22C98-E769-4B3E-A67C-67B7E5BAA260}.Ad-Hoc|iPhoneSimulator.Build.0 = Ad-Hoc|iPhoneSimulator
		{B3E22C98-E769-4B3E-A67C-67B7E5BAA260}.Ad-Hoc|x64.ActiveCfg = Ad-Hoc|iPhone
		{B3E22C98-E769-4B3E-A67C-67B7E5BAA260}.Ad-Hoc|x86.ActiveCfg = Ad-Hoc|iPhone
		{B3E22C98-E769-4B3E-A67C-67B7E5BAA260}.AppStore|Any CPU.ActiveCfg = AppStore|iPhone
		{B3E22C98-E769-4B3E-A67C-67B7E5BAA260}.AppStore|ARM.ActiveCfg = AppStore|iPhone
		{B3E22C98-E769-4B3E-A67C-67B7E5BAA260}.AppStore|iPhone.ActiveCfg = AppStore|iPhone
		{B3E22C98-E769-4B3E-A67C-67B7E5BAA260}.AppStore|iPhone.Build.0 = AppStore|iPhone
		{B3E22C98-E769-4B3E-A67C-67B7E5BAA260}.AppStore|iPhoneSimulator.ActiveCfg = AppStore|iPhoneSimulator
		{B3E22C98-E769-4B3E-A67C-67B7E5BAA260}.AppStore|iPhoneSimulator.Build.0 = AppStore|iPhoneSimulator
		{B3E22C98-E769-4B3E-A67C-67B7E5BAA260}.AppStore|x64.ActiveCfg = AppStore|iPhone
		{B3E22C98-E769-4B3E-A67C-67B7E5BAA260}.AppStore|x86.ActiveCfg = AppStore|iPhone
		{B3E22C98-E769-4B3E-A67C-67B7E5BAA260}.Debug|Any CPU.ActiveCfg = Debug|iPhone
		{B3E22C98-E769-4B3E-A67C-67B7E5BAA260}.Debug|ARM.ActiveCfg = Debug|iPhone
		{B3E22C98-E769-4B3E-A67C-67B7E5BAA260}.Debug|iPhone.ActiveCfg = Debug|iPhone
		{B3E22C98-E769-4B3E-A67C-67B7E5BAA260}.Debug|iPhone.Build.0 = Debug|iPhone
		{B3E22C98-E769-4B3E-A67C-67B7E5BAA260}.Debug|iPhoneSimulator.ActiveCfg = Debug|iPhoneSimulator
		{B3E22C98-E769-4B3E-A67C-67B7E5BAA260}.Debug|iPhoneSimulator.Build.0 = Debug|iPhoneSimulator
		{B3E22C98-E769-4B3E-A67C-67B7E5BAA260}.Debug|x64.ActiveCfg = Debug|iPhone
		{B3E22C98-E769-4B3E-A67C-67B7E5BAA260}.Debug|x86.ActiveCfg = Debug|iPhone
		{B3E22C98-E769-4B3E-A67C-67B7E5BAA260}.Release|Any CPU.ActiveCfg = Release|iPhone
		{B3E22C98-E769-4B3E-A67C-67B7E5BAA260}.Release|ARM.ActiveCfg = Release|iPhone
		{B3E22C98-E769-4B3E-A67C-67B7E5BAA260}.Release|iPhone.ActiveCfg = Release|iPhone
		{B3E22C98-E769-4B3E-A67C-67B7E5BAA260}.Release|iPhone.Build.0 = Release|iPhone
		{B3E22C98-E769-4B3E-A67C-67B7E5BAA260}.Release|iPhoneSimulator.ActiveCfg = Release|iPhoneSimulator
		{B3E22C98-E769-4B3E-A67C-67B7E5BAA260}.Release|iPhoneSimulator.Build.0 = Release|iPhoneSimulator
		{B3E22C98-E769-4B3E-A67C-67B7E5BAA260}.Release|x64.ActiveCfg = Release|iPhone
		{B3E22C98-E769-4B3E-A67C-67B7E5BAA260}.Release|x86.ActiveCfg = Release|iPhone
		{E2E4E758-A72A-46EC-960D-877E40BEF4EC}.Ad-Hoc|Any CPU.ActiveCfg = Release|x86
		{E2E4E758-A72A-46EC-960D-877E40BEF4EC}.Ad-Hoc|Any CPU.Build.0 = Release|x86
		{E2E4E758-A72A-46EC-960D-877E40BEF4EC}.Ad-Hoc|Any CPU.Deploy.0 = Release|x86
		{E2E4E758-A72A-46EC-960D-877E40BEF4EC}.Ad-Hoc|ARM.ActiveCfg = Release|ARM
		{E2E4E758-A72A-46EC-960D-877E40BEF4EC}.Ad-Hoc|ARM.Build.0 = Release|ARM
		{E2E4E758-A72A-46EC-960D-877E40BEF4EC}.Ad-Hoc|ARM.Deploy.0 = Release|ARM
		{E2E4E758-A72A-46EC-960D-877E40BEF4EC}.Ad-Hoc|iPhone.ActiveCfg = Release|x86
		{E2E4E758-A72A-46EC-960D-877E40BEF4EC}.Ad-Hoc|iPhone.Build.0 = Release|x86
		{E2E4E758-A72A-46EC-960D-877E40BEF4EC}.Ad-Hoc|iPhone.Deploy.0 = Release|x86
		{E2E4E758-A72A-46EC-960D-877E40BEF4EC}.Ad-Hoc|iPhoneSimulator.ActiveCfg = Release|x86
		{E2E4E758-A72A-46EC-960D-877E40BEF4EC}.Ad-Hoc|iPhoneSimulator.Build.0 = Release|x86
		{E2E4E758-A72A-46EC-960D-877E40BEF4EC}.Ad-Hoc|iPhoneSimulator.Deploy.0 = Release|x86
		{E2E4E758-A72A-46EC-960D-877E40BEF4EC}.Ad-Hoc|x64.ActiveCfg = Release|x64
		{E2E4E758-A72A-46EC-960D-877E40BEF4EC}.Ad-Hoc|x64.Build.0 = Release|x64
		{E2E4E758-A72A-46EC-960D-877E40BEF4EC}.Ad-Hoc|x64.Deploy.0 = Release|x64
		{E2E4E758-A72A-46EC-960D-877E40BEF4EC}.Ad-Hoc|x86.ActiveCfg = Release|x86
		{E2E4E758-A72A-46EC-960D-877E40BEF4EC}.Ad-Hoc|x86.Build.0 = Release|x86
		{E2E4E758-A72A-46EC-960D-877E40BEF4EC}.Ad-Hoc|x86.Deploy.0 = Release|x86
		{E2E4E758-A72A-46EC-960D-877E40BEF4EC}.AppStore|Any CPU.ActiveCfg = Release|x86
		{E2E4E758-A72A-46EC-960D-877E40BEF4EC}.AppStore|Any CPU.Build.0 = Release|x86
		{E2E4E758-A72A-46EC-960D-877E40BEF4EC}.AppStore|Any CPU.Deploy.0 = Release|x86
		{E2E4E758-A72A-46EC-960D-877E40BEF4EC}.AppStore|ARM.ActiveCfg = Release|ARM
		{E2E4E758-A72A-46EC-960D-877E40BEF4EC}.AppStore|ARM.Build.0 = Release|ARM
		{E2E4E758-A72A-46EC-960D-877E40BEF4EC}.AppStore|ARM.Deploy.0 = Release|ARM
		{E2E4E758-A72A-46EC-960D-877E40BEF4EC}.AppStore|iPhone.ActiveCfg = Release|x86
		{E2E4E758-A72A-46EC-960D-877E40BEF4EC}.AppStore|iPhone.Build.0 = Release|x86
		{E2E4E758-A72A-46EC-960D-877E40BEF4EC}.AppStore|iPhone.Deploy.0 = Release|x86
		{E2E4E758-A72A-46EC-960D-877E40BEF4EC}.AppStore|iPhoneSimulator.ActiveCfg = Release|x86
		{E2E4E758-A72A-46EC-960D-877E40BEF4EC}.AppStore|iPhoneSimulator.Build.0 = Release|x86
		{E2E4E758-A72A-46EC-960D-877E40BEF4EC}.AppStore|iPhoneSimulator.Deploy.0 = Release|x86
		{E2E4E758-A72A-46EC-960D-877E40BEF4EC}.AppStore|x64.ActiveCfg = Release|x64
		{E2E4E758-A72A-46EC-960D-877E40BEF4EC}.AppStore|x64.Build.0 = Release|x64
		{E2E4E758-A72A-46EC-960D-877E40BEF4EC}.AppStore|x64.Deploy.0 = Release|x64
		{E2E4E758-A72A-46EC-960D-877E40BEF4EC}.AppStore|x86.ActiveCfg = Release|x86
		{E2E4E758-A72A-46EC-960D-877E40BEF4EC}.AppStore|x86.Build.0 = Release|x86
		{E2E4E758-A72A-46EC-960D-877E40BEF4EC}.AppStore|x86.Deploy.0 = Release|x86
		{E2E4E758-A72A-46EC-960D-877E40BEF4EC}.Debug|Any CPU.ActiveCfg = Debug|x86
		{E2E4E758-A72A-46EC-960D-877E40BEF4EC}.Debug|ARM.ActiveCfg = Debug|ARM
		{E2E4E758-A72A-46EC-960D-877E40BEF4EC}.Debug|ARM.Build.0 = Debug|ARM
		{E2E4E758-A72A-46EC-960D-877E40BEF4EC}.Debug|ARM.Deploy.0 = Debug|ARM
		{E2E4E758-A72A-46EC-960D-877E40BEF4EC}.Debug|iPhone.ActiveCfg = Debug|x86
		{E2E4E758-A72A-46EC-960D-877E40BEF4EC}.Debug|iPhoneSimulator.ActiveCfg = Debug|x86
		{E2E4E758-A72A-46EC-960D-877E40BEF4EC}.Debug|x64.ActiveCfg = Debug|x64
		{E2E4E758-A72A-46EC-960D-877E40BEF4EC}.Debug|x64.Build.0 = Debug|x64
		{E2E4E758-A72A-46EC-960D-877E40BEF4EC}.Debug|x64.Deploy.0 = Debug|x64
		{E2E4E758-A72A-46EC-960D-877E40BEF4EC}.Debug|x86.ActiveCfg = Debug|x86
		{E2E4E758-A72A-46EC-960D-877E40BEF4EC}.Debug|x86.Build.0 = Debug|x86
		{E2E4E758-A72A-46EC-960D-877E40BEF4EC}.Debug|x86.Deploy.0 = Debug|x86
		{E2E4E758-A72A-46EC-960D-877E40BEF4EC}.Release|Any CPU.ActiveCfg = Release|x86
		{E2E4E758-A72A-46EC-960D-877E40BEF4EC}.Release|ARM.ActiveCfg = Release|ARM
		{E2E4E758-A72A-46EC-960D-877E40BEF4EC}.Release|ARM.Build.0 = Release|ARM
		{E2E4E758-A72A-46EC-960D-877E40BEF4EC}.Release|ARM.Deploy.0 = Release|ARM
		{E2E4E758-A72A-46EC-960D-877E40BEF4EC}.Release|iPhone.ActiveCfg = Release|x86
		{E2E4E758-A72A-46EC-960D-877E40BEF4EC}.Release|iPhoneSimulator.ActiveCfg = Release|x86
		{E2E4E758-A72A-46EC-960D-877E40BEF4EC}.Release|x64.ActiveCfg = Release|x64
		{E2E4E758-A72A-46EC-960D-877E40BEF4EC}.Release|x64.Build.0 = Release|x64
		{E2E4E758-A72A-46EC-960D-877E40BEF4EC}.Release|x64.Deploy.0 = Release|x64
		{E2E4E758-A72A-46EC-960D-877E40BEF4EC}.Release|x86.ActiveCfg = Release|x86
		{E2E4E758-A72A-46EC-960D-877E40BEF4EC}.Release|x86.Build.0 = Release|x86
		{E2E4E758-A72A-46EC-960D-877E40BEF4EC}.Release|x86.Deploy.0 = Release|x86
	EndGlobalSection
	GlobalSection(SolutionProperties) = preSolution
		HideSolutionNode = FALSE
	EndGlobalSection
	GlobalSection(ExtensibilityGlobals) = postSolution
		SolutionGuid = {782EE977-0C24-4809-8B13-2DF1C3B8CED3}
	EndGlobalSection
EndGlobal
